
Microsoft Visual Studio Solution File, Format Version 12.00
# Visual Studio Version 17
VisualStudioVersion = 17.7.34024.191
MinimumVisualStudioVersion = 10.0.40219.1
Project("{FAE04EC0-301F-11D3-BF4B-00C04F79EFBC}") = "Gameboy-Emulator", "Gameboy-Emulator\Gameboy-Emulator.csproj", "{EE474F6A-AC30-438C-A77E-6C786B48D88D}"
EndProject
Global
	GlobalSection(SolutionConfigurationPlatforms) = preSolution
		Debug|Any CPU = Debug|Any CPU
		Release|Any CPU = Release|Any CPU
	EndGlobalSection
	GlobalSection(ProjectConfigurationPlatforms) = postSolution
		{EE474F6A-AC30-438C-A77E-6C786B48D88D}.Debug|Any CPU.ActiveCfg = Debug|Any CPU
		{EE474F6A-AC30-438C-A77E-6C786B48D88D}.Debug|Any CPU.Build.0 = Debug|Any CPU
		{EE474F6A-AC30-438C-A77E-6C786B48D88D}.Release|Any CPU.ActiveCfg = Release|Any CPU
		{EE474F6A-AC30-438C-A77E-6C786B48D88D}.Release|Any CPU.Build.0 = Release|Any CPU
	EndGlobalSection
	GlobalSection(SolutionProperties) = preSolution
		HideSolutionNode = FALSE
	EndGlobalSection
	GlobalSection(ExtensibilityGlobals) = postSolution
		SolutionGuid = {8C7E62AE-9F99-4663-A90C-DD26B2EC6C64}
	EndGlobalSection
EndGlobal
